{
	"name": "mutation-testing-elements",
	"version": "1.7.6",
	"lockfileVersion": 1,
	"requires": true,
	"dependencies": {
		"@types/prismjs": {
			"version": "1.16.6",
			"resolved": "https://registry.npmjs.org/@types/prismjs/-/prismjs-1.16.6.tgz",
			"integrity": "sha512-dTvnamRITNqNkqhlBd235kZl3KfVJQQoT5jkXeiWSBK7i4/TLKBNLV0S1wOt8gy4E2TY722KLtdmv2xc6+Wevg==",
			"dev": true
		},
		"prismjs": {
			"version": "1.25.0",
			"resolved": "https://registry.npmjs.org/prismjs/-/prismjs-1.25.0.tgz",
			"integrity": "sha512-WCjJHl1KEWbnkQom1+SzftbtXMKQoezOCYs5rECqMN+jP+apI7ftoflyqigqzopSO3hMhTEb0mFClA8lkolgEg==",
			"dev": true
		}
	}
}
