{
  "name": "mutation-testing-elements",
  "version": "1.1.0",
  "lockfileVersion": 1,
  "requires": true,
  "dependencies": {
    "@types/lodash": {
      "version": "4.14.135",
      "resolved": "https://registry.npmjs.org/@types/lodash/-/lodash-4.14.135.tgz",
      "integrity": "sha512-Ed+tSZ9qM1oYpi5kzdsBuOzcAIn1wDW+e8TFJ50IMJMlSopGdJgKAbhHzN6h1E1OfjlGOr2JepzEWtg9NIfoNg==",
      "dev": true
    },
    "@types/lodash.groupby": {
      "version": "4.6.6",
      "resolved": "https://registry.npmjs.org/@types/lodash.groupby/-/lodash.groupby-4.6.6.tgz",
      "integrity": "sha512-kwg3T7Ia63KtDNoQQR8hKrLHCAgrH4I44l5uEMuA6JCbj7DiSccaV4tNV1vbjtAOpX990SolVthJCmBVtRVRgw==",
      "dev": true,
      "requires": {
        "@types/lodash": "*"
      }
    },
    "lodash.groupby": {
      "version": "4.6.0",
      "resolved": "https://registry.npmjs.org/lodash.groupby/-/lodash.groupby-4.6.0.tgz",
      "integrity": "sha1-Cwih3PaDl8OXhVwyOXg4Mt90A9E=",
      "dev": true
    },
    "mutation-testing-metrics": {
      "version": "1.1.0",
      "resolved": "https://registry.npmjs.org/mutation-testing-metrics/-/mutation-testing-metrics-1.1.0.tgz",
      "integrity": "sha512-m7UIAKWB5IVmcU5AgN+ZvIZ8EgAVquDucp9HyeDQA7Yncy+Xzdr9XWKC/xv9Kb3qcZnZ4T8io+lpmhBWnGHFwQ==",
      "dev": true,
      "requires": {
        "lodash.groupby": "^4.6.0",
        "mutation-testing-report-schema": "^1.1.0"
      }
    },
    "mutation-testing-report-schema": {
      "version": "1.1.0",
      "resolved": "https://registry.npmjs.org/mutation-testing-report-schema/-/mutation-testing-report-schema-1.1.0.tgz",
      "integrity": "sha512-zHekP8hW42UkqMtqX4/bT6aFMRxmB/Sby0w7wt1kfZUz/x1rfHHHOiWY7FJzv5RPZ8+Hpx3LBiCu3HfVMeqxMA==",
      "dev": true
    }
  }
}
