{
	"name": "mutation-testing-elements",
	"version": "1.2.3",
	"lockfileVersion": 1,
	"requires": true,
	"dependencies": {
		"@stryker-mutator/api": {
			"version": "2.5.0",
			"resolved": "https://registry.npmjs.org/@stryker-mutator/api/-/api-2.5.0.tgz",
			"integrity": "sha512-6z2AZeGcI+ZzqZEBX6h+vWt11uBzLfAg24kV0b/CJZ69zNELRLkjJnLaE4aU1o5uE6OyFGKJJ0OVxtZrnvZSuQ==",
			"dev": true,
			"requires": {
				"mutation-testing-report-schema": "^1.1.0",
				"tslib": "~1.10.0"
			}
		},
		"mutation-testing-report-schema": {
			"version": "1.2.0",
			"resolved": "https://registry.npmjs.org/mutation-testing-report-schema/-/mutation-testing-report-schema-1.2.0.tgz",
			"integrity": "sha512-4LdCuO33sH8R2YJ1idP+GUTjPR/VeSEml1tboQX0+5dSwH2YccUrw73rzAEOzkbeD+IyzBDHLzQKmanScV4smA==",
			"dev": true
		},
		"tslib": {
			"version": "1.10.0",
			"resolved": "https://registry.npmjs.org/tslib/-/tslib-1.10.0.tgz",
			"integrity": "sha512-qOebF53frne81cf0S9B41ByenJ3/IuH8yJKngAX35CmiZySA0khhkovshKK+jGCaMnVomla7gVlIcc3EvKPbTQ==",
			"dev": true
		}
	}
}
