
Microsoft Visual Studio Solution File, Format Version 12.00
# Visual Studio Version 17
VisualStudioVersion = 17.8.34525.116
MinimumVisualStudioVersion = 10.0.40219.1
Project("{9A19103F-16F7-4668-BE54-9A1E7A4F7556}") = "Mutation.Metrics.Core", "Mutation.Metrics.Core.csproj", "{2E2712FE-1DA1-4F43-8463-64F8B4746B0D}"
EndProject
Project("{9A19103F-16F7-4668-BE54-9A1E7A4F7556}") = "Mutation.Metrics.Tests", "..\Mutation.Metrics.Tests\Mutation.Metrics.Tests.csproj", "{E15C8608-9235-4DFA-9F36-3349F8B97A93}"
EndProject
Project("{FAE04EC0-301F-11D3-BF4B-00C04F79EFBC}") = "Mutation.Metrics.CLI", "..\Mutation.Metrics.CLI\Mutation.Metrics.CLI.csproj", "{9056BD21-9CFF-4952-BC80-48B152CAB4A8}"
EndProject
Global
	GlobalSection(SolutionConfigurationPlatforms) = preSolution
		Debug|Any CPU = Debug|Any CPU
		Release|Any CPU = Release|Any CPU
	EndGlobalSection
	GlobalSection(ProjectConfigurationPlatforms) = postSolution
		{2E2712FE-1DA1-4F43-8463-64F8B4746B0D}.Debug|Any CPU.ActiveCfg = Debug|Any CPU
		{2E2712FE-1DA1-4F43-8463-64F8B4746B0D}.Debug|Any CPU.Build.0 = Debug|Any CPU
		{2E2712FE-1DA1-4F43-8463-64F8B4746B0D}.Release|Any CPU.ActiveCfg = Release|Any CPU
		{2E2712FE-1DA1-4F43-8463-64F8B4746B0D}.Release|Any CPU.Build.0 = Release|Any CPU
		{E15C8608-9235-4DFA-9F36-3349F8B97A93}.Debug|Any CPU.ActiveCfg = Debug|Any CPU
		{E15C8608-9235-4DFA-9F36-3349F8B97A93}.Debug|Any CPU.Build.0 = Debug|Any CPU
		{E15C8608-9235-4DFA-9F36-3349F8B97A93}.Release|Any CPU.ActiveCfg = Release|Any CPU
		{E15C8608-9235-4DFA-9F36-3349F8B97A93}.Release|Any CPU.Build.0 = Release|Any CPU
		{9056BD21-9CFF-4952-BC80-48B152CAB4A8}.Debug|Any CPU.ActiveCfg = Debug|Any CPU
		{9056BD21-9CFF-4952-BC80-48B152CAB4A8}.Debug|Any CPU.Build.0 = Debug|Any CPU
		{9056BD21-9CFF-4952-BC80-48B152CAB4A8}.Release|Any CPU.ActiveCfg = Release|Any CPU
		{9056BD21-9CFF-4952-BC80-48B152CAB4A8}.Release|Any CPU.Build.0 = Release|Any CPU
	EndGlobalSection
	GlobalSection(SolutionProperties) = preSolution
		HideSolutionNode = FALSE
	EndGlobalSection
	GlobalSection(ExtensibilityGlobals) = postSolution
		SolutionGuid = {D3F1A0FC-3272-415F-8D7D-6E5B68F8CA20}
	EndGlobalSection
EndGlobal
